
Microsoft Visual Studio Solution File, Format Version 12.00
# Visual Studio 14
VisualStudioVersion = 14.0.23107.0
MinimumVisualStudioVersion = 10.0.40219.1
Project("{FAE04EC0-301F-11D3-BF4B-00C04F79EFBC}") = "BL_BricoMarche", "BL_BricoMarche\BL_BricoMarche.csproj", "{4B0B76A9-62B9-44EE-BE02-6864ED1BFF03}"
EndProject
Project("{FAE04EC0-301F-11D3-BF4B-00C04F79EFBC}") = "UI_BricoMarche", "UI_BricoMarche\UI_BricoMarche.csproj", "{1F48FF16-7A71-4182-B22B-CFF538A2EC62}"
EndProject
Project("{FAE04EC0-301F-11D3-BF4B-00C04F79EFBC}") = "DAL_BricoMarche", "DAL_BricoMarche\DAL_BricoMarche.csproj", "{0CFD3D44-DB62-4430-BA5F-8CBF3A1D563A}"
EndProject
Global
	GlobalSection(SolutionConfigurationPlatforms) = preSolution
		Debug|Any CPU = Debug|Any CPU
		Release|Any CPU = Release|Any CPU
	EndGlobalSection
	GlobalSection(ProjectConfigurationPlatforms) = postSolution
		{4B0B76A9-62B9-44EE-BE02-6864ED1BFF03}.Debug|Any CPU.ActiveCfg = Debug|Any CPU
		{4B0B76A9-62B9-44EE-BE02-6864ED1BFF03}.Debug|Any CPU.Build.0 = Debug|Any CPU
		{4B0B76A9-62B9-44EE-BE02-6864ED1BFF03}.Release|Any CPU.ActiveCfg = Release|Any CPU
		{4B0B76A9-62B9-44EE-BE02-6864ED1BFF03}.Release|Any CPU.Build.0 = Release|Any CPU
		{1F48FF16-7A71-4182-B22B-CFF538A2EC62}.Debug|Any CPU.ActiveCfg = Debug|Any CPU
		{1F48FF16-7A71-4182-B22B-CFF538A2EC62}.Debug|Any CPU.Build.0 = Debug|Any CPU
		{1F48FF16-7A71-4182-B22B-CFF538A2EC62}.Release|Any CPU.ActiveCfg = Release|Any CPU
		{1F48FF16-7A71-4182-B22B-CFF538A2EC62}.Release|Any CPU.Build.0 = Release|Any CPU
		{0CFD3D44-DB62-4430-BA5F-8CBF3A1D563A}.Debug|Any CPU.ActiveCfg = Debug|Any CPU
		{0CFD3D44-DB62-4430-BA5F-8CBF3A1D563A}.Debug|Any CPU.Build.0 = Debug|Any CPU
		{0CFD3D44-DB62-4430-BA5F-8CBF3A1D563A}.Release|Any CPU.ActiveCfg = Release|Any CPU
		{0CFD3D44-DB62-4430-BA5F-8CBF3A1D563A}.Release|Any CPU.Build.0 = Release|Any CPU
	EndGlobalSection
	GlobalSection(SolutionProperties) = preSolution
		HideSolutionNode = FALSE
	EndGlobalSection
EndGlobal
